// !$*UTF8*$!
{
	archiveVersion = 1;
	classes = {
	};
	objectVersion = 55;
	objects = {

/* Begin PBXBuildFile section */
		C3249378296242590098FCE1 /* AlbumService.swift in Sources */ = {isa = PBXBuildFile; fileRef = C3249377296242590098FCE1 /* AlbumService.swift */; };
		C324937A296243660098FCE1 /* AlbumEndpoint.swift in Sources */ = {isa = PBXBuildFile; fileRef = C3249379296243660098FCE1 /* AlbumEndpoint.swift */; };
		C324937D29624A5E0098FCE1 /* Localizable.strings in Resources */ = {isa = PBXBuildFile; fileRef = C324937F29624A5E0098FCE1 /* Localizable.strings */; };
		C3249381296251160098FCE1 /* AlbumListViewModel.swift in Sources */ = {isa = PBXBuildFile; fileRef = C3249380296251160098FCE1 /* AlbumListViewModel.swift */; };
		C3249384296254550098FCE1 /* Album.swift in Sources */ = {isa = PBXBuildFile; fileRef = C3249383296254550098FCE1 /* Album.swift */; };
		C3249386296254650098FCE1 /* User.swift in Sources */ = {isa = PBXBuildFile; fileRef = C3249385296254650098FCE1 /* User.swift */; };
		C324938A29625D040098FCE1 /* Constants.swift in Sources */ = {isa = PBXBuildFile; fileRef = C324938929625D040098FCE1 /* Constants.swift */; };
		C33F49612966452B008A8619 /* PhotoService.swift in Sources */ = {isa = PBXBuildFile; fileRef = C33F49602966452B008A8619 /* PhotoService.swift */; };
		C33F496329668B2B008A8619 /* PhotoDetailViewController.swift in Sources */ = {isa = PBXBuildFile; fileRef = C33F496229668B2B008A8619 /* PhotoDetailViewController.swift */; };
		C33F496529668BBD008A8619 /* PhotoDetailViewModel.swift in Sources */ = {isa = PBXBuildFile; fileRef = C33F496429668BBD008A8619 /* PhotoDetailViewModel.swift */; };
		C33F49692966E064008A8619 /* ZoomTransition+UINavigationControllerDelegate.swift in Sources */ = {isa = PBXBuildFile; fileRef = C33F49682966E063008A8619 /* ZoomTransition+UINavigationControllerDelegate.swift */; };
		C34ED8E329616B5F00E7AE77 /* AppDelegate.swift in Sources */ = {isa = PBXBuildFile; fileRef = C34ED8E229616B5F00E7AE77 /* AppDelegate.swift */; };
		C34ED8E529616B5F00E7AE77 /* SceneDelegate.swift in Sources */ = {isa = PBXBuildFile; fileRef = C34ED8E429616B5F00E7AE77 /* SceneDelegate.swift */; };
		C34ED8E729616B5F00E7AE77 /* AlbumListViewController.swift in Sources */ = {isa = PBXBuildFile; fileRef = C34ED8E629616B5F00E7AE77 /* AlbumListViewController.swift */; };
		C34ED8EA29616B5F00E7AE77 /* Main.storyboard in Resources */ = {isa = PBXBuildFile; fileRef = C34ED8E829616B5F00E7AE77 /* Main.storyboard */; };
		C34ED8EC29616B6200E7AE77 /* Assets.xcassets in Resources */ = {isa = PBXBuildFile; fileRef = C34ED8EB29616B6200E7AE77 /* Assets.xcassets */; };
		C34ED8EF29616B6200E7AE77 /* LaunchScreen.storyboard in Resources */ = {isa = PBXBuildFile; fileRef = C34ED8ED29616B6200E7AE77 /* LaunchScreen.storyboard */; };
		C34ED8FA29616B6200E7AE77 /* AlbumListViewModelTests.swift in Sources */ = {isa = PBXBuildFile; fileRef = C34ED8F929616B6200E7AE77 /* AlbumListViewModelTests.swift */; };
		C39014102964F5C900CE28DF /* URLCache+AlbumImageCache.swift in Sources */ = {isa = PBXBuildFile; fileRef = C390140F2964F5C900CE28DF /* URLCache+AlbumImageCache.swift */; };
		C3C0B18F2963B5E900CF5CB7 /* PhotoCollectionViewController.swift in Sources */ = {isa = PBXBuildFile; fileRef = C3C0B18E2963B5E900CF5CB7 /* PhotoCollectionViewController.swift */; };
		C3C0B1912963B67800CF5CB7 /* PhotoCollectionViewModel.swift in Sources */ = {isa = PBXBuildFile; fileRef = C3C0B1902963B67800CF5CB7 /* PhotoCollectionViewModel.swift */; };
		C3C0B1932963B6EA00CF5CB7 /* Photo.swift in Sources */ = {isa = PBXBuildFile; fileRef = C3C0B1922963B6EA00CF5CB7 /* Photo.swift */; };
		C3F3A3942968448A0077974E /* AlbumService.swift in Sources */ = {isa = PBXBuildFile; fileRef = C3249377296242590098FCE1 /* AlbumService.swift */; };
		C3F3A3952968448B0077974E /* AlbumService.swift in Sources */ = {isa = PBXBuildFile; fileRef = C3249377296242590098FCE1 /* AlbumService.swift */; };
		C3F3A3A1296848050077974E /* AlbumEndpoint.swift in Sources */ = {isa = PBXBuildFile; fileRef = C3249379296243660098FCE1 /* AlbumEndpoint.swift */; };
		C3F3A3A2296848060077974E /* AlbumEndpoint.swift in Sources */ = {isa = PBXBuildFile; fileRef = C3249379296243660098FCE1 /* AlbumEndpoint.swift */; };
		C3F3A3A729687A5B0077974E /* Albums.json in Resources */ = {isa = PBXBuildFile; fileRef = C3F3A3A629687A5B0077974E /* Albums.json */; };
		C3F3A3A829687A5B0077974E /* Albums.json in Resources */ = {isa = PBXBuildFile; fileRef = C3F3A3A629687A5B0077974E /* Albums.json */; };
		C3F3A3AA29687A760077974E /* Users.json in Resources */ = {isa = PBXBuildFile; fileRef = C3F3A3A929687A760077974E /* Users.json */; };
		C3F3A3AB29687A760077974E /* Users.json in Resources */ = {isa = PBXBuildFile; fileRef = C3F3A3A929687A760077974E /* Users.json */; };
		C3F3A3AD29687A910077974E /* Photos.json in Resources */ = {isa = PBXBuildFile; fileRef = C3F3A3AC29687A910077974E /* Photos.json */; };
		C3F3A3AE29687A910077974E /* Photos.json in Resources */ = {isa = PBXBuildFile; fileRef = C3F3A3AC29687A910077974E /* Photos.json */; };
		C3FAD29329688C5500D2CCC7 /* AlbumListViewModel.swift in Sources */ = {isa = PBXBuildFile; fileRef = C3249380296251160098FCE1 /* AlbumListViewModel.swift */; };
		C3FAD2942968F64300D2CCC7 /* Album.swift in Sources */ = {isa = PBXBuildFile; fileRef = C3249383296254550098FCE1 /* Album.swift */; };
		C3FAD2952968F64600D2CCC7 /* User.swift in Sources */ = {isa = PBXBuildFile; fileRef = C3249385296254650098FCE1 /* User.swift */; };
		C3FAD2972968F64C00D2CCC7 /* Photo.swift in Sources */ = {isa = PBXBuildFile; fileRef = C3C0B1922963B6EA00CF5CB7 /* Photo.swift */; };
		C3FAD2982968FEC300D2CCC7 /* Albums.json in Resources */ = {isa = PBXBuildFile; fileRef = C3F3A3A629687A5B0077974E /* Albums.json */; };
		C3FAD2992968FEC800D2CCC7 /* Users.json in Resources */ = {isa = PBXBuildFile; fileRef = C3F3A3A929687A760077974E /* Users.json */; };
		C3FAD29A2968FECB00D2CCC7 /* Photos.json in Resources */ = {isa = PBXBuildFile; fileRef = C3F3A3AC29687A910077974E /* Photos.json */; };
		C3FAD29B29691D4100D2CCC7 /* Localizable.strings in Resources */ = {isa = PBXBuildFile; fileRef = C324937F29624A5E0098FCE1 /* Localizable.strings */; };
		C3FAD29F2969AA3500D2CCC7 /* PixxyUITests.swift in Sources */ = {isa = PBXBuildFile; fileRef = C3FAD29D2969AA3500D2CCC7 /* PixxyUITests.swift */; };
		C3FAD2A02969AA3500D2CCC7 /* PixxyUITests.swift in Sources */ = {isa = PBXBuildFile; fileRef = C3FAD29D2969AA3500D2CCC7 /* PixxyUITests.swift */; };
		C3FAD2A12969AA3500D2CCC7 /* PixxyUITestsLaunchTests.swift in Sources */ = {isa = PBXBuildFile; fileRef = C3FAD29E2969AA3500D2CCC7 /* PixxyUITestsLaunchTests.swift */; };
		C3FAD2A22969AA3500D2CCC7 /* PixxyUITestsLaunchTests.swift in Sources */ = {isa = PBXBuildFile; fileRef = C3FAD29E2969AA3500D2CCC7 /* PixxyUITestsLaunchTests.swift */; };
		C3FAD2A42969AA8D00D2CCC7 /* MockAlbumService.swift in Sources */ = {isa = PBXBuildFile; fileRef = C3FAD2A32969AA8D00D2CCC7 /* MockAlbumService.swift */; };
		C3FAD2A52969AA8D00D2CCC7 /* MockAlbumService.swift in Sources */ = {isa = PBXBuildFile; fileRef = C3FAD2A32969AA8D00D2CCC7 /* MockAlbumService.swift */; };
/* End PBXBuildFile section */

/* Begin PBXContainerItemProxy section */
		C34ED8F629616B6200E7AE77 /* PBXContainerItemProxy */ = {
			isa = PBXContainerItemProxy;
			containerPortal = C34ED8D729616B5F00E7AE77 /* Project object */;
			proxyType = 1;
			remoteGlobalIDString = C34ED8DE29616B5F00E7AE77;
			remoteInfo = Pixxy;
		};
		C34ED90029616B6200E7AE77 /* PBXContainerItemProxy */ = {
			isa = PBXContainerItemProxy;
			containerPortal = C34ED8D729616B5F00E7AE77 /* Project object */;
			proxyType = 1;
			remoteGlobalIDString = C34ED8DE29616B5F00E7AE77;
			remoteInfo = Pixxy;
		};
/* End PBXContainerItemProxy section */

/* Begin PBXFileReference section */
		C3249377296242590098FCE1 /* AlbumService.swift */ = {isa = PBXFileReference; lastKnownFileType = sourcecode.swift; path = AlbumService.swift; sourceTree = "<group>"; };
		C3249379296243660098FCE1 /* AlbumEndpoint.swift */ = {isa = PBXFileReference; lastKnownFileType = sourcecode.swift; path = AlbumEndpoint.swift; sourceTree = "<group>"; };
		C324937E29624A5E0098FCE1 /* en */ = {isa = PBXFileReference; lastKnownFileType = text.plist.strings; name = en; path = en.lproj/Localizable.strings; sourceTree = "<group>"; };
		C3249380296251160098FCE1 /* AlbumListViewModel.swift */ = {isa = PBXFileReference; lastKnownFileType = sourcecode.swift; path = AlbumListViewModel.swift; sourceTree = "<group>"; };
		C3249383296254550098FCE1 /* Album.swift */ = {isa = PBXFileReference; lastKnownFileType = sourcecode.swift; path = Album.swift; sourceTree = "<group>"; };
		C3249385296254650098FCE1 /* User.swift */ = {isa = PBXFileReference; lastKnownFileType = sourcecode.swift; path = User.swift; sourceTree = "<group>"; };
		C324938929625D040098FCE1 /* Constants.swift */ = {isa = PBXFileReference; lastKnownFileType = sourcecode.swift; path = Constants.swift; sourceTree = "<group>"; };
		C33F49602966452B008A8619 /* PhotoService.swift */ = {isa = PBXFileReference; lastKnownFileType = sourcecode.swift; path = PhotoService.swift; sourceTree = "<group>"; };
		C33F496229668B2B008A8619 /* PhotoDetailViewController.swift */ = {isa = PBXFileReference; lastKnownFileType = sourcecode.swift; path = PhotoDetailViewController.swift; sourceTree = "<group>"; };
		C33F496429668BBD008A8619 /* PhotoDetailViewModel.swift */ = {isa = PBXFileReference; lastKnownFileType = sourcecode.swift; path = PhotoDetailViewModel.swift; sourceTree = "<group>"; };
		C33F49682966E063008A8619 /* ZoomTransition+UINavigationControllerDelegate.swift */ = {isa = PBXFileReference; fileEncoding = 4; lastKnownFileType = sourcecode.swift; path = "ZoomTransition+UINavigationControllerDelegate.swift"; sourceTree = "<group>"; };
		C34ED8DF29616B5F00E7AE77 /* Pixxy.app */ = {isa = PBXFileReference; explicitFileType = wrapper.application; includeInIndex = 0; path = Pixxy.app; sourceTree = BUILT_PRODUCTS_DIR; };
		C34ED8E229616B5F00E7AE77 /* AppDelegate.swift */ = {isa = PBXFileReference; lastKnownFileType = sourcecode.swift; path = AppDelegate.swift; sourceTree = "<group>"; };
		C34ED8E429616B5F00E7AE77 /* SceneDelegate.swift */ = {isa = PBXFileReference; lastKnownFileType = sourcecode.swift; path = SceneDelegate.swift; sourceTree = "<group>"; };
		C34ED8E629616B5F00E7AE77 /* AlbumListViewController.swift */ = {isa = PBXFileReference; lastKnownFileType = sourcecode.swift; path = AlbumListViewController.swift; sourceTree = "<group>"; };
		C34ED8E929616B5F00E7AE77 /* Base */ = {isa = PBXFileReference; lastKnownFileType = file.storyboard; name = Base; path = Base.lproj/Main.storyboard; sourceTree = "<group>"; };
		C34ED8EB29616B6200E7AE77 /* Assets.xcassets */ = {isa = PBXFileReference; lastKnownFileType = folder.assetcatalog; path = Assets.xcassets; sourceTree = "<group>"; };
		C34ED8EE29616B6200E7AE77 /* Base */ = {isa = PBXFileReference; lastKnownFileType = file.storyboard; name = Base; path = Base.lproj/LaunchScreen.storyboard; sourceTree = "<group>"; };
		C34ED8F029616B6200E7AE77 /* Info.plist */ = {isa = PBXFileReference; lastKnownFileType = text.plist.xml; path = Info.plist; sourceTree = "<group>"; };
		C34ED8F529616B6200E7AE77 /* PixxyTests.xctest */ = {isa = PBXFileReference; explicitFileType = wrapper.cfbundle; includeInIndex = 0; path = PixxyTests.xctest; sourceTree = BUILT_PRODUCTS_DIR; };
		C34ED8F929616B6200E7AE77 /* AlbumListViewModelTests.swift */ = {isa = PBXFileReference; lastKnownFileType = sourcecode.swift; path = AlbumListViewModelTests.swift; sourceTree = "<group>"; };
		C34ED8FF29616B6200E7AE77 /* PixxyUITests.xctest */ = {isa = PBXFileReference; explicitFileType = wrapper.cfbundle; includeInIndex = 0; path = PixxyUITests.xctest; sourceTree = BUILT_PRODUCTS_DIR; };
		C390140F2964F5C900CE28DF /* URLCache+AlbumImageCache.swift */ = {isa = PBXFileReference; lastKnownFileType = sourcecode.swift; path = "URLCache+AlbumImageCache.swift"; sourceTree = "<group>"; };
		C3C0B18E2963B5E900CF5CB7 /* PhotoCollectionViewController.swift */ = {isa = PBXFileReference; lastKnownFileType = sourcecode.swift; path = PhotoCollectionViewController.swift; sourceTree = "<group>"; };
		C3C0B1902963B67800CF5CB7 /* PhotoCollectionViewModel.swift */ = {isa = PBXFileReference; lastKnownFileType = sourcecode.swift; path = PhotoCollectionViewModel.swift; sourceTree = "<group>"; };
		C3C0B1922963B6EA00CF5CB7 /* Photo.swift */ = {isa = PBXFileReference; lastKnownFileType = sourcecode.swift; path = Photo.swift; sourceTree = "<group>"; };
		C3F3A3A629687A5B0077974E /* Albums.json */ = {isa = PBXFileReference; lastKnownFileType = text.json; path = Albums.json; sourceTree = "<group>"; };
		C3F3A3A929687A760077974E /* Users.json */ = {isa = PBXFileReference; lastKnownFileType = text.json; path = Users.json; sourceTree = "<group>"; };
		C3F3A3AC29687A910077974E /* Photos.json */ = {isa = PBXFileReference; lastKnownFileType = text.json; path = Photos.json; sourceTree = "<group>"; };
		C3FAD29D2969AA3500D2CCC7 /* PixxyUITests.swift */ = {isa = PBXFileReference; fileEncoding = 4; lastKnownFileType = sourcecode.swift; path = PixxyUITests.swift; sourceTree = "<group>"; };
		C3FAD29E2969AA3500D2CCC7 /* PixxyUITestsLaunchTests.swift */ = {isa = PBXFileReference; fileEncoding = 4; lastKnownFileType = sourcecode.swift; path = PixxyUITestsLaunchTests.swift; sourceTree = "<group>"; };
		C3FAD2A32969AA8D00D2CCC7 /* MockAlbumService.swift */ = {isa = PBXFileReference; fileEncoding = 4; lastKnownFileType = sourcecode.swift; path = MockAlbumService.swift; sourceTree = "<group>"; };
/* End PBXFileReference section */

/* Begin PBXFrameworksBuildPhase section */
		C34ED8DC29616B5F00E7AE77 /* Frameworks */ = {
			isa = PBXFrameworksBuildPhase;
			buildActionMask = 2147483647;
			files = (
			);
			runOnlyForDeploymentPostprocessing = 0;
		};
		C34ED8F229616B6200E7AE77 /* Frameworks */ = {
			isa = PBXFrameworksBuildPhase;
			buildActionMask = 2147483647;
			files = (
			);
			runOnlyForDeploymentPostprocessing = 0;
		};
		C34ED8FC29616B6200E7AE77 /* Frameworks */ = {
			isa = PBXFrameworksBuildPhase;
			buildActionMask = 2147483647;
			files = (
			);
			runOnlyForDeploymentPostprocessing = 0;
		};
/* End PBXFrameworksBuildPhase section */

/* Begin PBXGroup section */
		C34ED8D629616B5F00E7AE77 = {
			isa = PBXGroup;
			children = (
				C34ED8E129616B5F00E7AE77 /* Pixxy */,
				C3FAD29C2969AA3500D2CCC7 /* PixxyUITests */,
				C34ED8F829616B6200E7AE77 /* PixxyTests */,
				C34ED8E029616B5F00E7AE77 /* Products */,
			);
			sourceTree = "<group>";
		};
		C34ED8E029616B5F00E7AE77 /* Products */ = {
			isa = PBXGroup;
			children = (
				C34ED8DF29616B5F00E7AE77 /* Pixxy.app */,
				C34ED8F529616B6200E7AE77 /* PixxyTests.xctest */,
				C34ED8FF29616B6200E7AE77 /* PixxyUITests.xctest */,
			);
			name = Products;
			sourceTree = "<group>";
		};
		C34ED8E129616B5F00E7AE77 /* Pixxy */ = {
			isa = PBXGroup;
			children = (
				C34ED91529616CCF00E7AE77 /* Storyboards */,
				C34ED91729616D0700E7AE77 /* Services */,
				C34ED91329616CB500E7AE77 /* Models */,
				C34ED91229616CA400E7AE77 /* Controllers */,
				C34ED91429616CBC00E7AE77 /* ViewModels */,
				C390140C2964E91800CE28DF /* Extensions */,
				C34ED91629616CF000E7AE77 /* Utilities */,
				C34ED91829616D1B00E7AE77 /* Resources */,
				C34ED8E229616B5F00E7AE77 /* AppDelegate.swift */,
				C34ED8E429616B5F00E7AE77 /* SceneDelegate.swift */,
				C34ED8F029616B6200E7AE77 /* Info.plist */,
				C324937F29624A5E0098FCE1 /* Localizable.strings */,
			);
			path = Pixxy;
			sourceTree = "<group>";
		};
		C34ED8F829616B6200E7AE77 /* PixxyTests */ = {
			isa = PBXGroup;
			children = (
				C3F3A3A529687A230077974E /* MockResponses */,
				C3F3A39A296847880077974E /* Mocks */,
				C34ED8F929616B6200E7AE77 /* AlbumListViewModelTests.swift */,
			);
			path = PixxyTests;
			sourceTree = "<group>";
		};
		C34ED91229616CA400E7AE77 /* Controllers */ = {
			isa = PBXGroup;
			children = (
				C34ED8E629616B5F00E7AE77 /* AlbumListViewController.swift */,
				C3C0B18E2963B5E900CF5CB7 /* PhotoCollectionViewController.swift */,
				C33F496229668B2B008A8619 /* PhotoDetailViewController.swift */,
			);
			path = Controllers;
			sourceTree = "<group>";
		};
		C34ED91329616CB500E7AE77 /* Models */ = {
			isa = PBXGroup;
			children = (
				C3249383296254550098FCE1 /* Album.swift */,
				C3249385296254650098FCE1 /* User.swift */,
				C3C0B1922963B6EA00CF5CB7 /* Photo.swift */,
			);
			path = Models;
			sourceTree = "<group>";
		};
		C34ED91429616CBC00E7AE77 /* ViewModels */ = {
			isa = PBXGroup;
			children = (
				C3249380296251160098FCE1 /* AlbumListViewModel.swift */,
				C3C0B1902963B67800CF5CB7 /* PhotoCollectionViewModel.swift */,
				C33F496429668BBD008A8619 /* PhotoDetailViewModel.swift */,
			);
			path = ViewModels;
			sourceTree = "<group>";
		};
		C34ED91529616CCF00E7AE77 /* Storyboards */ = {
			isa = PBXGroup;
			children = (
				C34ED8E829616B5F00E7AE77 /* Main.storyboard */,
				C34ED8ED29616B6200E7AE77 /* LaunchScreen.storyboard */,
			);
			path = Storyboards;
			sourceTree = "<group>";
		};
		C34ED91629616CF000E7AE77 /* Utilities */ = {
			isa = PBXGroup;
			children = (
				C324938929625D040098FCE1 /* Constants.swift */,
			);
			path = Utilities;
			sourceTree = "<group>";
		};
		C34ED91729616D0700E7AE77 /* Services */ = {
			isa = PBXGroup;
			children = (
				C3249377296242590098FCE1 /* AlbumService.swift */,
				C3249379296243660098FCE1 /* AlbumEndpoint.swift */,
				C33F49602966452B008A8619 /* PhotoService.swift */,
			);
			path = Services;
			sourceTree = "<group>";
		};
		C34ED91829616D1B00E7AE77 /* Resources */ = {
			isa = PBXGroup;
			children = (
				C34ED8EB29616B6200E7AE77 /* Assets.xcassets */,
			);
			path = Resources;
			sourceTree = "<group>";
		};
		C390140C2964E91800CE28DF /* Extensions */ = {
			isa = PBXGroup;
			children = (
				C390140F2964F5C900CE28DF /* URLCache+AlbumImageCache.swift */,
				C33F49682966E063008A8619 /* ZoomTransition+UINavigationControllerDelegate.swift */,
			);
			path = Extensions;
			sourceTree = "<group>";
		};
		C3F3A39A296847880077974E /* Mocks */ = {
			isa = PBXGroup;
			children = (
				C3FAD2A32969AA8D00D2CCC7 /* MockAlbumService.swift */,
			);
			path = Mocks;
			sourceTree = "<group>";
		};
		C3F3A3A529687A230077974E /* MockResponses */ = {
			isa = PBXGroup;
			children = (
				C3F3A3A629687A5B0077974E /* Albums.json */,
				C3F3A3A929687A760077974E /* Users.json */,
				C3F3A3AC29687A910077974E /* Photos.json */,
			);
			path = MockResponses;
			sourceTree = "<group>";
		};
		C3FAD29C2969AA3500D2CCC7 /* PixxyUITests */ = {
			isa = PBXGroup;
			children = (
				C3FAD29D2969AA3500D2CCC7 /* PixxyUITests.swift */,
				C3FAD29E2969AA3500D2CCC7 /* PixxyUITestsLaunchTests.swift */,
			);
			path = PixxyUITests;
			sourceTree = SOURCE_ROOT;
		};
/* End PBXGroup section */

/* Begin PBXNativeTarget section */
		C34ED8DE29616B5F00E7AE77 /* Pixxy */ = {
			isa = PBXNativeTarget;
			buildConfigurationList = C34ED90929616B6200E7AE77 /* Build configuration list for PBXNativeTarget "Pixxy" */;
			buildPhases = (
				C34ED8DB29616B5F00E7AE77 /* Sources */,
				C34ED8DC29616B5F00E7AE77 /* Frameworks */,
				C34ED8DD29616B5F00E7AE77 /* Resources */,
			);
			buildRules = (
			);
			dependencies = (
			);
			name = Pixxy;
			productName = Pixxy;
			productReference = C34ED8DF29616B5F00E7AE77 /* Pixxy.app */;
			productType = "com.apple.product-type.application";
		};
		C34ED8F429616B6200E7AE77 /* PixxyTests */ = {
			isa = PBXNativeTarget;
			buildConfigurationList = C34ED90C29616B6200E7AE77 /* Build configuration list for PBXNativeTarget "PixxyTests" */;
			buildPhases = (
				C34ED8F129616B6200E7AE77 /* Sources */,
				C34ED8F229616B6200E7AE77 /* Frameworks */,
				C34ED8F329616B6200E7AE77 /* Resources */,
			);
			buildRules = (
			);
			dependencies = (
				C34ED8F729616B6200E7AE77 /* PBXTargetDependency */,
			);
			name = PixxyTests;
			productName = PixxyTests;
			productReference = C34ED8F529616B6200E7AE77 /* PixxyTests.xctest */;
			productType = "com.apple.product-type.bundle.unit-test";
		};
		C34ED8FE29616B6200E7AE77 /* PixxyUITests */ = {
			isa = PBXNativeTarget;
			buildConfigurationList = C34ED90F29616B6200E7AE77 /* Build configuration list for PBXNativeTarget "PixxyUITests" */;
			buildPhases = (
				C34ED8FB29616B6200E7AE77 /* Sources */,
				C34ED8FC29616B6200E7AE77 /* Frameworks */,
				C34ED8FD29616B6200E7AE77 /* Resources */,
			);
			buildRules = (
			);
			dependencies = (
				C34ED90129616B6200E7AE77 /* PBXTargetDependency */,
			);
			name = PixxyUITests;
			productName = PixxyUITests;
			productReference = C34ED8FF29616B6200E7AE77 /* PixxyUITests.xctest */;
			productType = "com.apple.product-type.bundle.ui-testing";
		};
/* End PBXNativeTarget section */

/* Begin PBXProject section */
		C34ED8D729616B5F00E7AE77 /* Project object */ = {
			isa = PBXProject;
			attributes = {
				BuildIndependentTargetsInParallel = 1;
				LastSwiftUpdateCheck = 1310;
				LastUpgradeCheck = 1310;
				TargetAttributes = {
					C34ED8DE29616B5F00E7AE77 = {
						CreatedOnToolsVersion = 13.1;
					};
					C34ED8F429616B6200E7AE77 = {
						CreatedOnToolsVersion = 13.1;
						TestTargetID = C34ED8DE29616B5F00E7AE77;
					};
					C34ED8FE29616B6200E7AE77 = {
						CreatedOnToolsVersion = 13.1;
						TestTargetID = C34ED8DE29616B5F00E7AE77;
					};
				};
			};
			buildConfigurationList = C34ED8DA29616B5F00E7AE77 /* Build configuration list for PBXProject "Pixxy" */;
			compatibilityVersion = "Xcode 13.0";
			developmentRegion = en;
			hasScannedForEncodings = 0;
			knownRegions = (
				en,
				Base,
			);
			mainGroup = C34ED8D629616B5F00E7AE77;
			productRefGroup = C34ED8E029616B5F00E7AE77 /* Products */;
			projectDirPath = "";
			projectRoot = "";
			targets = (
				C34ED8DE29616B5F00E7AE77 /* Pixxy */,
				C34ED8F429616B6200E7AE77 /* PixxyTests */,
				C34ED8FE29616B6200E7AE77 /* PixxyUITests */,
			);
		};
/* End PBXProject section */

/* Begin PBXResourcesBuildPhase section */
		C34ED8DD29616B5F00E7AE77 /* Resources */ = {
			isa = PBXResourcesBuildPhase;
			buildActionMask = 2147483647;
			files = (
				C3FAD29A2968FECB00D2CCC7 /* Photos.json in Resources */,
				C3FAD2992968FEC800D2CCC7 /* Users.json in Resources */,
				C34ED8EF29616B6200E7AE77 /* LaunchScreen.storyboard in Resources */,
				C324937D29624A5E0098FCE1 /* Localizable.strings in Resources */,
				C3FAD2982968FEC300D2CCC7 /* Albums.json in Resources */,
				C34ED8EC29616B6200E7AE77 /* Assets.xcassets in Resources */,
				C34ED8EA29616B5F00E7AE77 /* Main.storyboard in Resources */,
			);
			runOnlyForDeploymentPostprocessing = 0;
		};
		C34ED8F329616B6200E7AE77 /* Resources */ = {
			isa = PBXResourcesBuildPhase;
			buildActionMask = 2147483647;
			files = (
				C3F3A3AD29687A910077974E /* Photos.json in Resources */,
				C3FAD29B29691D4100D2CCC7 /* Localizable.strings in Resources */,
				C3F3A3AA29687A760077974E /* Users.json in Resources */,
				C3F3A3A729687A5B0077974E /* Albums.json in Resources */,
			);
			runOnlyForDeploymentPostprocessing = 0;
		};
		C34ED8FD29616B6200E7AE77 /* Resources */ = {
			isa = PBXResourcesBuildPhase;
			buildActionMask = 2147483647;
			files = (
				C3F3A3AE29687A910077974E /* Photos.json in Resources */,
				C3F3A3AB29687A760077974E /* Users.json in Resources */,
				C3F3A3A829687A5B0077974E /* Albums.json in Resources */,
			);
			runOnlyForDeploymentPostprocessing = 0;
		};
/* End PBXResourcesBuildPhase section */

/* Begin PBXSourcesBuildPhase section */
		C34ED8DB29616B5F00E7AE77 /* Sources */ = {
			isa = PBXSourcesBuildPhase;
			buildActionMask = 2147483647;
			files = (
				C33F496529668BBD008A8619 /* PhotoDetailViewModel.swift in Sources */,
				C39014102964F5C900CE28DF /* URLCache+AlbumImageCache.swift in Sources */,
				C33F49692966E064008A8619 /* ZoomTransition+UINavigationControllerDelegate.swift in Sources */,
				C34ED8E729616B5F00E7AE77 /* AlbumListViewController.swift in Sources */,
				C34ED8E329616B5F00E7AE77 /* AppDelegate.swift in Sources */,
				C3249384296254550098FCE1 /* Album.swift in Sources */,
				C3C0B1912963B67800CF5CB7 /* PhotoCollectionViewModel.swift in Sources */,
				C3249381296251160098FCE1 /* AlbumListViewModel.swift in Sources */,
				C34ED8E529616B5F00E7AE77 /* SceneDelegate.swift in Sources */,
				C33F49612966452B008A8619 /* PhotoService.swift in Sources */,
				C33F496329668B2B008A8619 /* PhotoDetailViewController.swift in Sources */,
				C3C0B1932963B6EA00CF5CB7 /* Photo.swift in Sources */,
				C324938A29625D040098FCE1 /* Constants.swift in Sources */,
				C3249378296242590098FCE1 /* AlbumService.swift in Sources */,
				C3C0B18F2963B5E900CF5CB7 /* PhotoCollectionViewController.swift in Sources */,
				C3249386296254650098FCE1 /* User.swift in Sources */,
				C324937A296243660098FCE1 /* AlbumEndpoint.swift in Sources */,
			);
			runOnlyForDeploymentPostprocessing = 0;
		};
		C34ED8F129616B6200E7AE77 /* Sources */ = {
			isa = PBXSourcesBuildPhase;
			buildActionMask = 2147483647;
			files = (
				C3FAD29F2969AA3500D2CCC7 /* PixxyUITests.swift in Sources */,
				C34ED8FA29616B6200E7AE77 /* AlbumListViewModelTests.swift in Sources */,
				C3F3A3942968448A0077974E /* AlbumService.swift in Sources */,
				C3FAD2972968F64C00D2CCC7 /* Photo.swift in Sources */,
				C3F3A3A1296848050077974E /* AlbumEndpoint.swift in Sources */,
				C3FAD29329688C5500D2CCC7 /* AlbumListViewModel.swift in Sources */,
				C3FAD2952968F64600D2CCC7 /* User.swift in Sources */,
				C3FAD2A42969AA8D00D2CCC7 /* MockAlbumService.swift in Sources */,
				C3FAD2942968F64300D2CCC7 /* Album.swift in Sources */,
				C3FAD2A12969AA3500D2CCC7 /* PixxyUITestsLaunchTests.swift in Sources */,
			);
			runOnlyForDeploymentPostprocessing = 0;
		};
		C34ED8FB29616B6200E7AE77 /* Sources */ = {
			isa = PBXSourcesBuildPhase;
			buildActionMask = 2147483647;
			files = (
				C3F3A3A2296848060077974E /* AlbumEndpoint.swift in Sources */,
				C3FAD2A22969AA3500D2CCC7 /* PixxyUITestsLaunchTests.swift in Sources */,
				C3FAD2A52969AA8D00D2CCC7 /* MockAlbumService.swift in Sources */,
				C3F3A3952968448B0077974E /* AlbumService.swift in Sources */,
				C3FAD2A02969AA3500D2CCC7 /* PixxyUITests.swift in Sources */,
			);
			runOnlyForDeploymentPostprocessing = 0;
		};
/* End PBXSourcesBuildPhase section */

/* Begin PBXTargetDependency section */
		C34ED8F729616B6200E7AE77 /* PBXTargetDependency */ = {
			isa = PBXTargetDependency;
			target = C34ED8DE29616B5F00E7AE77 /* Pixxy */;
			targetProxy = C34ED8F629616B6200E7AE77 /* PBXContainerItemProxy */;
		};
		C34ED90129616B6200E7AE77 /* PBXTargetDependency */ = {
			isa = PBXTargetDependency;
			target = C34ED8DE29616B5F00E7AE77 /* Pixxy */;
			targetProxy = C34ED90029616B6200E7AE77 /* PBXContainerItemProxy */;
		};
/* End PBXTargetDependency section */

/* Begin PBXVariantGroup section */
		C324937F29624A5E0098FCE1 /* Localizable.strings */ = {
			isa = PBXVariantGroup;
			children = (
				C324937E29624A5E0098FCE1 /* en */,
			);
			name = Localizable.strings;
			sourceTree = "<group>";
		};
		C34ED8E829616B5F00E7AE77 /* Main.storyboard */ = {
			isa = PBXVariantGroup;
			children = (
				C34ED8E929616B5F00E7AE77 /* Base */,
			);
			name = Main.storyboard;
			sourceTree = "<group>";
		};
		C34ED8ED29616B6200E7AE77 /* LaunchScreen.storyboard */ = {
			isa = PBXVariantGroup;
			children = (
				C34ED8EE29616B6200E7AE77 /* Base */,
			);
			name = LaunchScreen.storyboard;
			sourceTree = "<group>";
		};
/* End PBXVariantGroup section */

/* Begin XCBuildConfiguration section */
		C34ED90729616B6200E7AE77 /* Debug */ = {
			isa = XCBuildConfiguration;
			buildSettings = {
				ALWAYS_SEARCH_USER_PATHS = NO;
				CLANG_ANALYZER_NONNULL = YES;
				CLANG_ANALYZER_NUMBER_OBJECT_CONVERSION = YES_AGGRESSIVE;
				CLANG_CXX_LANGUAGE_STANDARD = "gnu++17";
				CLANG_CXX_LIBRARY = "libc++";
				CLANG_ENABLE_MODULES = YES;
				CLANG_ENABLE_OBJC_ARC = YES;
				CLANG_ENABLE_OBJC_WEAK = YES;
				CLANG_WARN_BLOCK_CAPTURE_AUTORELEASING = YES;
				CLANG_WARN_BOOL_CONVERSION = YES;
				CLANG_WARN_COMMA = YES;
				CLANG_WARN_CONSTANT_CONVERSION = YES;
				CLANG_WARN_DEPRECATED_OBJC_IMPLEMENTATIONS = YES;
				CLANG_WARN_DIRECT_OBJC_ISA_USAGE = YES_ERROR;
				CLANG_WARN_DOCUMENTATION_COMMENTS = YES;
				CLANG_WARN_EMPTY_BODY = YES;
				CLANG_WARN_ENUM_CONVERSION = YES;
				CLANG_WARN_INFINITE_RECURSION = YES;
				CLANG_WARN_INT_CONVERSION = YES;
				CLANG_WARN_NON_LITERAL_NULL_CONVERSION = YES;
				CLANG_WARN_OBJC_IMPLICIT_RETAIN_SELF = YES;
				CLANG_WARN_OBJC_LITERAL_CONVERSION = YES;
				CLANG_WARN_OBJC_ROOT_CLASS = YES_ERROR;
				CLANG_WARN_QUOTED_INCLUDE_IN_FRAMEWORK_HEADER = YES;
				CLANG_WARN_RANGE_LOOP_ANALYSIS = YES;
				CLANG_WARN_STRICT_PROTOTYPES = YES;
				CLANG_WARN_SUSPICIOUS_MOVE = YES;
				CLANG_WARN_UNGUARDED_AVAILABILITY = YES_AGGRESSIVE;
				CLANG_WARN_UNREACHABLE_CODE = YES;
				CLANG_WARN__DUPLICATE_METHOD_MATCH = YES;
				COPY_PHASE_STRIP = NO;
				DEBUG_INFORMATION_FORMAT = dwarf;
				ENABLE_STRICT_OBJC_MSGSEND = YES;
				ENABLE_TESTABILITY = YES;
				GCC_C_LANGUAGE_STANDARD = gnu11;
				GCC_DYNAMIC_NO_PIC = NO;
				GCC_NO_COMMON_BLOCKS = YES;
				GCC_OPTIMIZATION_LEVEL = 0;
				GCC_PREPROCESSOR_DEFINITIONS = (
					"DEBUG=1",
					"$(inherited)",
				);
				GCC_WARN_64_TO_32_BIT_CONVERSION = YES;
				GCC_WARN_ABOUT_RETURN_TYPE = YES_ERROR;
				GCC_WARN_UNDECLARED_SELECTOR = YES;
				GCC_WARN_UNINITIALIZED_AUTOS = YES_AGGRESSIVE;
				GCC_WARN_UNUSED_FUNCTION = YES;
				GCC_WARN_UNUSED_VARIABLE = YES;
				IPHONEOS_DEPLOYMENT_TARGET = 15.0;
				MTL_ENABLE_DEBUG_INFO = INCLUDE_SOURCE;
				MTL_FAST_MATH = YES;
				ONLY_ACTIVE_ARCH = YES;
				SDKROOT = iphoneos;
				SWIFT_ACTIVE_COMPILATION_CONDITIONS = DEBUG;
				SWIFT_OPTIMIZATION_LEVEL = "-Onone";
			};
			name = Debug;
		};
		C34ED90829616B6200E7AE77 /* Release */ = {
			isa = XCBuildConfiguration;
			buildSettings = {
				ALWAYS_SEARCH_USER_PATHS = NO;
				CLANG_ANALYZER_NONNULL = YES;
				CLANG_ANALYZER_NUMBER_OBJECT_CONVERSION = YES_AGGRESSIVE;
				CLANG_CXX_LANGUAGE_STANDARD = "gnu++17";
				CLANG_CXX_LIBRARY = "libc++";
				CLANG_ENABLE_MODULES = YES;
				CLANG_ENABLE_OBJC_ARC = YES;
				CLANG_ENABLE_OBJC_WEAK = YES;
				CLANG_WARN_BLOCK_CAPTURE_AUTORELEASING = YES;
				CLANG_WARN_BOOL_CONVERSION = YES;
				CLANG_WARN_COMMA = YES;
				CLANG_WARN_CONSTANT_CONVERSION = YES;
				CLANG_WARN_DEPRECATED_OBJC_IMPLEMENTATIONS = YES;
				CLANG_WARN_DIRECT_OBJC_ISA_USAGE = YES_ERROR;
				CLANG_WARN_DOCUMENTATION_COMMENTS = YES;
				CLANG_WARN_EMPTY_BODY = YES;
				CLANG_WARN_ENUM_CONVERSION = YES;
				CLANG_WARN_INFINITE_RECURSION = YES;
				CLANG_WARN_INT_CONVERSION = YES;
				CLANG_WARN_NON_LITERAL_NULL_CONVERSION = YES;
				CLANG_WARN_OBJC_IMPLICIT_RETAIN_SELF = YES;
				CLANG_WARN_OBJC_LITERAL_CONVERSION = YES;
				CLANG_WARN_OBJC_ROOT_CLASS = YES_ERROR;
				CLANG_WARN_QUOTED_INCLUDE_IN_FRAMEWORK_HEADER = YES;
				CLANG_WARN_RANGE_LOOP_ANALYSIS = YES;
				CLANG_WARN_STRICT_PROTOTYPES = YES;
				CLANG_WARN_SUSPICIOUS_MOVE = YES;
				CLANG_WARN_UNGUARDED_AVAILABILITY = YES_AGGRESSIVE;
				CLANG_WARN_UNREACHABLE_CODE = YES;
				CLANG_WARN__DUPLICATE_METHOD_MATCH = YES;
				COPY_PHASE_STRIP = NO;
				DEBUG_INFORMATION_FORMAT = "dwarf-with-dsym";
				ENABLE_NS_ASSERTIONS = NO;
				ENABLE_STRICT_OBJC_MSGSEND = YES;
				GCC_C_LANGUAGE_STANDARD = gnu11;
				GCC_NO_COMMON_BLOCKS = YES;
				GCC_WARN_64_TO_32_BIT_CONVERSION = YES;
				GCC_WARN_ABOUT_RETURN_TYPE = YES_ERROR;
				GCC_WARN_UNDECLARED_SELECTOR = YES;
				GCC_WARN_UNINITIALIZED_AUTOS = YES_AGGRESSIVE;
				GCC_WARN_UNUSED_FUNCTION = YES;
				GCC_WARN_UNUSED_VARIABLE = YES;
				IPHONEOS_DEPLOYMENT_TARGET = 15.0;
				MTL_ENABLE_DEBUG_INFO = NO;
				MTL_FAST_MATH = YES;
				SDKROOT = iphoneos;
				SWIFT_COMPILATION_MODE = wholemodule;
				SWIFT_OPTIMIZATION_LEVEL = "-O";
				VALIDATE_PRODUCT = YES;
			};
			name = Release;
		};
		C34ED90A29616B6200E7AE77 /* Debug */ = {
			isa = XCBuildConfiguration;
			buildSettings = {
				ASSETCATALOG_COMPILER_APPICON_NAME = AppIcon;
				ASSETCATALOG_COMPILER_GLOBAL_ACCENT_COLOR_NAME = AccentColor;
				CODE_SIGN_IDENTITY = "iPhone Distribution";
				CODE_SIGN_STYLE = Manual;
				CURRENT_PROJECT_VERSION = 1;
				DEVELOPMENT_TEAM = 7A4GY4KS6H;
				GENERATE_INFOPLIST_FILE = YES;
				INFOPLIST_FILE = Pixxy/Info.plist;
				INFOPLIST_KEY_UIApplicationSupportsIndirectInputEvents = YES;
				INFOPLIST_KEY_UILaunchStoryboardName = LaunchScreen;
				INFOPLIST_KEY_UIMainStoryboardFile = Main;
				INFOPLIST_KEY_UISupportedInterfaceOrientations = UIInterfaceOrientationPortrait;
				INFOPLIST_KEY_UISupportedInterfaceOrientations_iPad = "UIInterfaceOrientationPortrait UIInterfaceOrientationPortraitUpsideDown UIInterfaceOrientationLandscapeLeft UIInterfaceOrientationLandscapeRight";
				INFOPLIST_KEY_UISupportedInterfaceOrientations_iPhone = "UIInterfaceOrientationPortrait UIInterfaceOrientationLandscapeLeft UIInterfaceOrientationLandscapeRight";
				IPHONEOS_DEPLOYMENT_TARGET = 13.0;
				LD_RUNPATH_SEARCH_PATHS = (
					"$(inherited)",
					"@executable_path/Frameworks",
				);
				MARKETING_VERSION = 1.0;
				PRODUCT_BUNDLE_IDENTIFIER = com.ironone.bponline.IRONONE.V3IOT;
				PRODUCT_NAME = "$(TARGET_NAME)";
				PROVISIONING_PROFILE_SPECIFIER = "BoardPAC V3 IOT ADHOC 2023 AUG";
				SWIFT_EMIT_LOC_STRINGS = YES;
				SWIFT_VERSION = 5.0;
				TARGETED_DEVICE_FAMILY = 1;
			};
			name = Debug;
		};
		C34ED90B29616B6200E7AE77 /* Release */ = {
			isa = XCBuildConfiguration;
			buildSettings = {
				ASSETCATALOG_COMPILER_APPICON_NAME = AppIcon;
				ASSETCATALOG_COMPILER_GLOBAL_ACCENT_COLOR_NAME = AccentColor;
				CODE_SIGN_IDENTITY = "iPhone Distribution";
				CODE_SIGN_STYLE = Manual;
				CURRENT_PROJECT_VERSION = 1;
				DEVELOPMENT_TEAM = 7A4GY4KS6H;
				GENERATE_INFOPLIST_FILE = YES;
				INFOPLIST_FILE = Pixxy/Info.plist;
				INFOPLIST_KEY_UIApplicationSupportsIndirectInputEvents = YES;
				INFOPLIST_KEY_UILaunchStoryboardName = LaunchScreen;
				INFOPLIST_KEY_UIMainStoryboardFile = Main;
				INFOPLIST_KEY_UISupportedInterfaceOrientations = UIInterfaceOrientationPortrait;
				INFOPLIST_KEY_UISupportedInterfaceOrientations_iPad = "UIInterfaceOrientationPortrait UIInterfaceOrientationPortraitUpsideDown UIInterfaceOrientationLandscapeLeft UIInterfaceOrientationLandscapeRight";
				INFOPLIST_KEY_UISupportedInterfaceOrientations_iPhone = "UIInterfaceOrientationPortrait UIInterfaceOrientationLandscapeLeft UIInterfaceOrientationLandscapeRight";
				IPHONEOS_DEPLOYMENT_TARGET = 13.0;
				LD_RUNPATH_SEARCH_PATHS = (
					"$(inherited)",
					"@executable_path/Frameworks",
				);
				MARKETING_VERSION = 1.0;
				PRODUCT_BUNDLE_IDENTIFIER = com.ironone.bponline.IRONONE.V3IOT;
				PRODUCT_NAME = "$(TARGET_NAME)";
				PROVISIONING_PROFILE_SPECIFIER = "BoardPAC V3 IOT ADHOC 2023 AUG";
				SWIFT_EMIT_LOC_STRINGS = YES;
				SWIFT_VERSION = 5.0;
				TARGETED_DEVICE_FAMILY = 1;
			};
			name = Release;
		};
		C34ED90D29616B6200E7AE77 /* Debug */ = {
			isa = XCBuildConfiguration;
			buildSettings = {
				ALWAYS_EMBED_SWIFT_STANDARD_LIBRARIES = YES;
				BUNDLE_LOADER = "$(TEST_HOST)";
				CODE_SIGN_STYLE = Automatic;
				CURRENT_PROJECT_VERSION = 1;
				GENERATE_INFOPLIST_FILE = YES;
				IPHONEOS_DEPLOYMENT_TARGET = 15.0;
				LD_RUNPATH_SEARCH_PATHS = (
					"$(inherited)",
					"@executable_path/Frameworks",
					"@loader_path/Frameworks",
				);
				MARKETING_VERSION = 1.0;
				PRODUCT_BUNDLE_IDENTIFIER = com.ganuke.PixxyTests;
				PRODUCT_NAME = "$(TARGET_NAME)";
				SWIFT_EMIT_LOC_STRINGS = NO;
				SWIFT_VERSION = 5.0;
				TARGETED_DEVICE_FAMILY = "1,2";
				TEST_HOST = "$(BUILT_PRODUCTS_DIR)/Pixxy.app/Pixxy";
			};
			name = Debug;
		};
		C34ED90E29616B6200E7AE77 /* Release */ = {
			isa = XCBuildConfiguration;
			buildSettings = {
				ALWAYS_EMBED_SWIFT_STANDARD_LIBRARIES = YES;
				BUNDLE_LOADER = "$(TEST_HOST)";
				CODE_SIGN_STYLE = Automatic;
				CURRENT_PROJECT_VERSION = 1;
				GENERATE_INFOPLIST_FILE = YES;
				IPHONEOS_DEPLOYMENT_TARGET = 15.0;
				LD_RUNPATH_SEARCH_PATHS = (
					"$(inherited)",
					"@executable_path/Frameworks",
					"@loader_path/Frameworks",
				);
				MARKETING_VERSION = 1.0;
				PRODUCT_BUNDLE_IDENTIFIER = com.ganuke.PixxyTests;
				PRODUCT_NAME = "$(TARGET_NAME)";
				SWIFT_EMIT_LOC_STRINGS = NO;
				SWIFT_VERSION = 5.0;
				TARGETED_DEVICE_FAMILY = "1,2";
				TEST_HOST = "$(BUILT_PRODUCTS_DIR)/Pixxy.app/Pixxy";
			};
			name = Release;
		};
		C34ED91029616B6200E7AE77 /* Debug */ = {
			isa = XCBuildConfiguration;
			buildSettings = {
				ALWAYS_EMBED_SWIFT_STANDARD_LIBRARIES = YES;
				CODE_SIGN_STYLE = Automatic;
				CURRENT_PROJECT_VERSION = 1;
				GENERATE_INFOPLIST_FILE = YES;
				LD_RUNPATH_SEARCH_PATHS = (
					"$(inherited)",
					"@executable_path/Frameworks",
					"@loader_path/Frameworks",
				);
				MARKETING_VERSION = 1.0;
				PRODUCT_BUNDLE_IDENTIFIER = com.ganuke.PixxyUITests;
				PRODUCT_NAME = "$(TARGET_NAME)";
				SWIFT_EMIT_LOC_STRINGS = NO;
				SWIFT_VERSION = 5.0;
				TARGETED_DEVICE_FAMILY = "1,2";
				TEST_TARGET_NAME = Pixxy;
			};
			name = Debug;
		};
		C34ED91129616B6200E7AE77 /* Release */ = {
			isa = XCBuildConfiguration;
			buildSettings = {
				ALWAYS_EMBED_SWIFT_STANDARD_LIBRARIES = YES;
				CODE_SIGN_STYLE = Automatic;
				CURRENT_PROJECT_VERSION = 1;
				GENERATE_INFOPLIST_FILE = YES;
				LD_RUNPATH_SEARCH_PATHS = (
					"$(inherited)",
					"@executable_path/Frameworks",
					"@loader_path/Frameworks",
				);
				MARKETING_VERSION = 1.0;
				PRODUCT_BUNDLE_IDENTIFIER = com.ganuke.PixxyUITests;
				PRODUCT_NAME = "$(TARGET_NAME)";
				SWIFT_EMIT_LOC_STRINGS = NO;
				SWIFT_VERSION = 5.0;
				TARGETED_DEVICE_FAMILY = "1,2";
				TEST_TARGET_NAME = Pixxy;
			};
			name = Release;
		};
/* End XCBuildConfiguration section */

/* Begin XCConfigurationList section */
		C34ED8DA29616B5F00E7AE77 /* Build configuration list for PBXProject "Pixxy" */ = {
			isa = XCConfigurationList;
			buildConfigurations = (
				C34ED90729616B6200E7AE77 /* Debug */,
				C34ED90829616B6200E7AE77 /* Release */,
			);
			defaultConfigurationIsVisible = 0;
			defaultConfigurationName = Release;
		};
		C34ED90929616B6200E7AE77 /* Build configuration list for PBXNativeTarget "Pixxy" */ = {
			isa = XCConfigurationList;
			buildConfigurations = (
				C34ED90A29616B6200E7AE77 /* Debug */,
				C34ED90B29616B6200E7AE77 /* Release */,
			);
			defaultConfigurationIsVisible = 0;
			defaultConfigurationName = Release;
		};
		C34ED90C29616B6200E7AE77 /* Build configuration list for PBXNativeTarget "PixxyTests" */ = {
			isa = XCConfigurationList;
			buildConfigurations = (
				C34ED90D29616B6200E7AE77 /* Debug */,
				C34ED90E29616B6200E7AE77 /* Release */,
			);
			defaultConfigurationIsVisible = 0;
			defaultConfigurationName = Release;
		};
		C34ED90F29616B6200E7AE77 /* Build configuration list for PBXNativeTarget "PixxyUITests" */ = {
			isa = XCConfigurationList;
			buildConfigurations = (
				C34ED91029616B6200E7AE77 /* Debug */,
				C34ED91129616B6200E7AE77 /* Release */,
			);
			defaultConfigurationIsVisible = 0;
			defaultConfigurationName = Release;
		};
/* End XCConfigurationList section */
	};
	rootObject = C34ED8D729616B5F00E7AE77 /* Project object */;
}
